
Microsoft Visual Studio Solution File, Format Version 12.00
# Visual Studio Version 16
VisualStudioVersion = 16.0.29613.14
MinimumVisualStudioVersion = 10.0.40219.1
Project("{FAE04EC0-301F-11D3-BF4B-00C04F79EFBC}") = "CarRent", "CarRent\CarRent.csproj", "{1C5CBDEF-5E42-451B-AD54-C49BA6ED5D0B}"
EndProject
Global
	GlobalSection(SolutionConfigurationPlatforms) = preSolution
		Debug|Any CPU = Debug|Any CPU
		Release|Any CPU = Release|Any CPU
	EndGlobalSection
	GlobalSection(ProjectConfigurationPlatforms) = postSolution
		{1C5CBDEF-5E42-451B-AD54-C49BA6ED5D0B}.Debug|Any CPU.ActiveCfg = Debug|Any CPU
		{1C5CBDEF-5E42-451B-AD54-C49BA6ED5D0B}.Debug|Any CPU.Build.0 = Debug|Any CPU
		{1C5CBDEF-5E42-451B-AD54-C49BA6ED5D0B}.Release|Any CPU.ActiveCfg = Release|Any CPU
		{1C5CBDEF-5E42-451B-AD54-C49BA6ED5D0B}.Release|Any CPU.Build.0 = Release|Any CPU
	EndGlobalSection
	GlobalSection(SolutionProperties) = preSolution
		HideSolutionNode = FALSE
	EndGlobalSection
	GlobalSection(ExtensibilityGlobals) = postSolution
		SolutionGuid = {026DE382-7D4E-4C0A-A8B5-E45037A8CF78}
	EndGlobalSection
EndGlobal
